
Microsoft Visual Studio Solution File, Format Version 12.00
Project("{FAE04EC0-301F-11D3-BF4B-00C04F79EFBC}") = "Lab1", "Lab1\Lab1.csproj", "{C512B42D-3ABA-4DE5-977A-65FA3BD97427}"
EndProject
Project("{FAE04EC0-301F-11D3-BF4B-00C04F79EFBC}") = "Lab2", "Lab2\Lab2.csproj", "{4E39A8AC-8664-4B43-BCB0-D15340ED1052}"
EndProject
Project("{FAE04EC0-301F-11D3-BF4B-00C04F79EFBC}") = "Lab3", "Lab3\Lab3.csproj", "{B8FD9FCE-3E8A-448A-A2E5-C2C8FE18F6F2}"
EndProject
Project("{FAE04EC0-301F-11D3-BF4B-00C04F79EFBC}") = "Lab4", "Lab4\Lab4.csproj", "{3BF53C1A-6F42-406D-A195-AFBF3407D5BE}"
EndProject
Project("{FAE04EC0-301F-11D3-BF4B-00C04F79EFBC}") = "Lab6", "Lab6\Lab6.csproj", "{F5FAF916-0A32-4653-952F-70CAE3241BC0}"
EndProject
Project("{FAE04EC0-301F-11D3-BF4B-00C04F79EFBC}") = "Lab7", "Lab7\Lab7.csproj", "{62F8D2A4-7EDB-489B-8C7F-D3FB5AAB2675}"
EndProject
Project("{FAE04EC0-301F-11D3-BF4B-00C04F79EFBC}") = "Lab8", "Lab8\Lab8.csproj", "{5F8B6C9A-4464-4224-9E7F-FF7E36FFDC77}"
EndProject
Global
	GlobalSection(SolutionConfigurationPlatforms) = preSolution
		Debug|Any CPU = Debug|Any CPU
		Release|Any CPU = Release|Any CPU
	EndGlobalSection
	GlobalSection(ProjectConfigurationPlatforms) = postSolution
		{C512B42D-3ABA-4DE5-977A-65FA3BD97427}.Debug|Any CPU.ActiveCfg = Debug|Any CPU
		{C512B42D-3ABA-4DE5-977A-65FA3BD97427}.Debug|Any CPU.Build.0 = Debug|Any CPU
		{C512B42D-3ABA-4DE5-977A-65FA3BD97427}.Release|Any CPU.ActiveCfg = Release|Any CPU
		{C512B42D-3ABA-4DE5-977A-65FA3BD97427}.Release|Any CPU.Build.0 = Release|Any CPU
		{4E39A8AC-8664-4B43-BCB0-D15340ED1052}.Debug|Any CPU.ActiveCfg = Debug|Any CPU
		{4E39A8AC-8664-4B43-BCB0-D15340ED1052}.Debug|Any CPU.Build.0 = Debug|Any CPU
		{4E39A8AC-8664-4B43-BCB0-D15340ED1052}.Release|Any CPU.ActiveCfg = Release|Any CPU
		{4E39A8AC-8664-4B43-BCB0-D15340ED1052}.Release|Any CPU.Build.0 = Release|Any CPU
		{B8FD9FCE-3E8A-448A-A2E5-C2C8FE18F6F2}.Debug|Any CPU.ActiveCfg = Debug|Any CPU
		{B8FD9FCE-3E8A-448A-A2E5-C2C8FE18F6F2}.Debug|Any CPU.Build.0 = Debug|Any CPU
		{B8FD9FCE-3E8A-448A-A2E5-C2C8FE18F6F2}.Release|Any CPU.ActiveCfg = Release|Any CPU
		{B8FD9FCE-3E8A-448A-A2E5-C2C8FE18F6F2}.Release|Any CPU.Build.0 = Release|Any CPU
		{3BF53C1A-6F42-406D-A195-AFBF3407D5BE}.Debug|Any CPU.ActiveCfg = Debug|Any CPU
		{3BF53C1A-6F42-406D-A195-AFBF3407D5BE}.Debug|Any CPU.Build.0 = Debug|Any CPU
		{3BF53C1A-6F42-406D-A195-AFBF3407D5BE}.Release|Any CPU.ActiveCfg = Release|Any CPU
		{3BF53C1A-6F42-406D-A195-AFBF3407D5BE}.Release|Any CPU.Build.0 = Release|Any CPU
		{F5FAF916-0A32-4653-952F-70CAE3241BC0}.Debug|Any CPU.ActiveCfg = Debug|Any CPU
		{F5FAF916-0A32-4653-952F-70CAE3241BC0}.Debug|Any CPU.Build.0 = Debug|Any CPU
		{F5FAF916-0A32-4653-952F-70CAE3241BC0}.Release|Any CPU.ActiveCfg = Release|Any CPU
		{F5FAF916-0A32-4653-952F-70CAE3241BC0}.Release|Any CPU.Build.0 = Release|Any CPU
		{62F8D2A4-7EDB-489B-8C7F-D3FB5AAB2675}.Debug|Any CPU.ActiveCfg = Debug|Any CPU
		{62F8D2A4-7EDB-489B-8C7F-D3FB5AAB2675}.Debug|Any CPU.Build.0 = Debug|Any CPU
		{62F8D2A4-7EDB-489B-8C7F-D3FB5AAB2675}.Release|Any CPU.ActiveCfg = Release|Any CPU
		{62F8D2A4-7EDB-489B-8C7F-D3FB5AAB2675}.Release|Any CPU.Build.0 = Release|Any CPU
		{5F8B6C9A-4464-4224-9E7F-FF7E36FFDC77}.Debug|Any CPU.ActiveCfg = Debug|Any CPU
		{5F8B6C9A-4464-4224-9E7F-FF7E36FFDC77}.Debug|Any CPU.Build.0 = Debug|Any CPU
		{5F8B6C9A-4464-4224-9E7F-FF7E36FFDC77}.Release|Any CPU.ActiveCfg = Release|Any CPU
		{5F8B6C9A-4464-4224-9E7F-FF7E36FFDC77}.Release|Any CPU.Build.0 = Release|Any CPU
	EndGlobalSection
EndGlobal
